Microsoft Visual Studio Solution File, Format Version 11.00
# Visual Studio 2008

Project("{08AD08F6-4910-3771-4D09-263A79BEBFBA}") = "MT", "Assembly-CSharp-firstpass.csproj", "{6C664570-FC40-351E-4F80-8A4CA4ED9E26}"
EndProject
Project("{08AD08F6-4910-3771-4D09-263A79BEBFBA}") = "MT", "Assembly-CSharp-Editor.csproj", "{7595114B-C082-7EAC-87EA-F0D91359DD53}"
EndProject
Project("{08AD08F6-4910-3771-4D09-263A79BEBFBA}") = "MT", "Assembly-UnityScript-firstpass.unityproj", "{564A7FDF-9154-BABC-CD4C-BE66C2C7E3CC}"
EndProject
Project("{08AD08F6-4910-3771-4D09-263A79BEBFBA}") = "MT", "Assembly-UnityScript.unityproj", "{9B1F6AAB-B032-9FBC-EC7A-C0BFD62A23C5}"
EndProject
Global
	GlobalSection(SolutionConfigurationPlatforms) = preSolution
		Debug|Any CPU = Debug|Any CPU
		Release|Any CPU = Release|Any CPU
	EndGlobalSection
	GlobalSection(ProjectConfigurationPlatforms) = postSolution
		{6C664570-FC40-351E-4F80-8A4CA4ED9E26}.Debug|Any CPU.ActiveCfg = Debug|Any CPU
		{6C664570-FC40-351E-4F80-8A4CA4ED9E26}.Debug|Any CPU.Build.0 = Debug|Any CPU
		{6C664570-FC40-351E-4F80-8A4CA4ED9E26}.Release|Any CPU.ActiveCfg = Release|Any CPU
		{6C664570-FC40-351E-4F80-8A4CA4ED9E26}.Release|Any CPU.Build.0 = Release|Any CPU
		{7595114B-C082-7EAC-87EA-F0D91359DD53}.Debug|Any CPU.ActiveCfg = Debug|Any CPU
		{7595114B-C082-7EAC-87EA-F0D91359DD53}.Debug|Any CPU.Build.0 = Debug|Any CPU
		{7595114B-C082-7EAC-87EA-F0D91359DD53}.Release|Any CPU.ActiveCfg = Release|Any CPU
		{7595114B-C082-7EAC-87EA-F0D91359DD53}.Release|Any CPU.Build.0 = Release|Any CPU
		{564A7FDF-9154-BABC-CD4C-BE66C2C7E3CC}.Debug|Any CPU.ActiveCfg = Debug|Any CPU
		{564A7FDF-9154-BABC-CD4C-BE66C2C7E3CC}.Debug|Any CPU.Build.0 = Debug|Any CPU
		{564A7FDF-9154-BABC-CD4C-BE66C2C7E3CC}.Release|Any CPU.ActiveCfg = Release|Any CPU
		{564A7FDF-9154-BABC-CD4C-BE66C2C7E3CC}.Release|Any CPU.Build.0 = Release|Any CPU
		{9B1F6AAB-B032-9FBC-EC7A-C0BFD62A23C5}.Debug|Any CPU.ActiveCfg = Debug|Any CPU
		{9B1F6AAB-B032-9FBC-EC7A-C0BFD62A23C5}.Debug|Any CPU.Build.0 = Debug|Any CPU
		{9B1F6AAB-B032-9FBC-EC7A-C0BFD62A23C5}.Release|Any CPU.ActiveCfg = Release|Any CPU
		{9B1F6AAB-B032-9FBC-EC7A-C0BFD62A23C5}.Release|Any CPU.Build.0 = Release|Any CPU
	EndGlobalSection
	GlobalSection(SolutionProperties) = preSolution
		HideSolutionNode = FALSE
	EndGlobalSection
																																																																		GlobalSection(MonoDevelopProperties) = preSolution
		StartupItem = Assembly-CSharp.csproj
		Policies = $0
		$0.TextStylePolicy = $1
		$1.inheritsSet = null
		$1.scope = text/x-csharp
		$0.CSharpFormattingPolicy = $2
		$2.inheritsSet = Mono
		$2.inheritsScope = text/x-csharp
		$2.scope = text/x-csharp
		$0.TextStylePolicy = $3
		$3.FileWidth = 120
		$3.TabWidth = 4
		$3.IndentWidth = 4
		$3.EolMarker = Unix
		$3.inheritsSet = Mono
		$3.inheritsScope = text/plain
		$3.scope = text/plain
	EndGlobalSection

EndGlobal
